// !$*UTF8*$!
{
	archiveVersion = 1;
	classes = {
	};
	objectVersion = 46;
	objects = {

/* Begin PBXBuildFile section */
		4869A3CA1E9C830B00BB2FEC /* main.m in Sources */ = {isa = PBXBuildFile; fileRef = 4869A3C91E9C830B00BB2FEC /* main.m */; };
		4869A3CD1E9C830B00BB2FEC /* AppDelegate.m in Sources */ = {isa = PBXBuildFile; fileRef = 4869A3CC1E9C830B00BB2FEC /* AppDelegate.m */; };
		4869A3D01E9C830B00BB2FEC /* ViewController.m in Sources */ = {isa = PBXBuildFile; fileRef = 4869A3CF1E9C830B00BB2FEC /* ViewController.m */; };
		4869A3D31E9C830B00BB2FEC /* Main.storyboard in Resources */ = {isa = PBXBuildFile; fileRef = 4869A3D11E9C830B00BB2FEC /* Main.storyboard */; };
		4869A3D51E9C830B00BB2FEC /* Assets.xcassets in Resources */ = {isa = PBXBuildFile; fileRef = 4869A3D41E9C830B00BB2FEC /* Assets.xcassets */; };
		4869A3D81E9C830B00BB2FEC /* LaunchScreen.storyboard in Resources */ = {isa = PBXBuildFile; fileRef = 4869A3D61E9C830B00BB2FEC /* LaunchScreen.storyboard */; };
		4869A3E21E9C833700BB2FEC /* LYSNineDropMenu.m in Sources */ = {isa = PBXBuildFile; fileRef = 4869A3E11E9C833700BB2FEC /* LYSNineDropMenu.m */; };
/* End PBXBuildFile section */

/* Begin PBXFileReference section */
		4869A3C51E9C830B00BB2FEC /* LYSNineDropMenu.app */ = {isa = PBXFileReference; explicitFileType = wrapper.application; includeInIndex = 0; path = LYSNineDropMenu.app; sourceTree = BUILT_PRODUCTS_DIR; };
		4869A3C91E9C830B00BB2FEC /* main.m */ = {isa = PBXFileReference; lastKnownFileType = sourcecode.c.objc; path = main.m; sourceTree = "<group>"; };
		4869A3CB1E9C830B00BB2FEC /* AppDelegate.h */ = {isa = PBXFileReference; lastKnownFileType = sourcecode.c.h; path = AppDelegate.h; sourceTree = "<group>"; };
		4869A3CC1E9C830B00BB2FEC /* AppDelegate.m */ = {isa = PBXFileReference; lastKnownFileType = sourcecode.c.objc; path = AppDelegate.m; sourceTree = "<group>"; };
		4869A3CE1E9C830B00BB2FEC /* ViewController.h */ = {isa = PBXFileReference; lastKnownFileType = sourcecode.c.h; path = ViewController.h; sourceTree = "<group>"; };
		4869A3CF1E9C830B00BB2FEC /* ViewController.m */ = {isa = PBXFileReference; lastKnownFileType = sourcecode.c.objc; path = ViewController.m; sourceTree = "<group>"; };
		4869A3D21E9C830B00BB2FEC /* Base */ = {isa = PBXFileReference; lastKnownFileType = file.storyboard; name = Base; path = Base.lproj/Main.storyboard; sourceTree = "<group>"; };
		4869A3D41E9C830B00BB2FEC /* Assets.xcassets */ = {isa = PBXFileReference; lastKnownFileType = folder.assetcatalog; path = Assets.xcassets; sourceTree = "<group>"; };
		4869A3D71E9C830B00BB2FEC /* Base */ = {isa = PBXFileReference; lastKnownFileType = file.storyboard; name = Base; path = Base.lproj/LaunchScreen.storyboard; sourceTree = "<group>"; };
		4869A3D91E9C830B00BB2FEC /* Info.plist */ = {isa = PBXFileReference; lastKnownFileType = text.plist.xml; path = Info.plist; sourceTree = "<group>"; };
		4869A3E01E9C833700BB2FEC /* LYSNineDropMenu.h */ = {isa = PBXFileReference; fileEncoding = 4; lastKnownFileType = sourcecode.c.h; path = LYSNineDropMenu.h; sourceTree = "<group>"; };
		4869A3E11E9C833700BB2FEC /* LYSNineDropMenu.m */ = {isa = PBXFileReference; fileEncoding = 4; lastKnownFileType = sourcecode.c.objc; path = LYSNineDropMenu.m; sourceTree = "<group>"; };
/* End PBXFileReference section */

/* Begin PBXFrameworksBuildPhase section */
		4869A3C21E9C830B00BB2FEC /* Frameworks */ = {
			isa = PBXFrameworksBuildPhase;
			buildActionMask = 2147483647;
			files = (
			);
			runOnlyForDeploymentPostprocessing = 0;
		};
/* End PBXFrameworksBuildPhase section */

/* Begin PBXGroup section */
		4869A3BC1E9C830B00BB2FEC = {
			isa = PBXGroup;
			children = (
				4869A3C71E9C830B00BB2FEC /* LYSNineDropMenu */,
				4869A3C61E9C830B00BB2FEC /* Products */,
			);
			sourceTree = "<group>";
		};
		4869A3C61E9C830B00BB2FEC /* Products */ = {
			isa = PBXGroup;
			children = (
				4869A3C51E9C830B00BB2FEC /* LYSNineDropMenu.app */,
			);
			name = Products;
			sourceTree = "<group>";
		};
		4869A3C71E9C830B00BB2FEC /* LYSNineDropMenu */ = {
			isa = PBXGroup;
			children = (
				4869A3DF1E9C832900BB2FEC /* LYSNineDropMenu */,
				4869A3CB1E9C830B00BB2FEC /* AppDelegate.h */,
				4869A3CC1E9C830B00BB2FEC /* AppDelegate.m */,
				4869A3CE1E9C830B00BB2FEC /* ViewController.h */,
				4869A3CF1E9C830B00BB2FEC /* ViewController.m */,
				4869A3D11E9C830B00BB2FEC /* Main.storyboard */,
				4869A3D41E9C830B00BB2FEC /* Assets.xcassets */,
				4869A3D61E9C830B00BB2FEC /* LaunchScreen.storyboard */,
				4869A3D91E9C830B00BB2FEC /* Info.plist */,
				4869A3C81E9C830B00BB2FEC /* Supporting Files */,
			);
			path = LYSNineDropMenu;
			sourceTree = "<group>";
		};
		4869A3C81E9C830B00BB2FEC /* Supporting Files */ = {
			isa = PBXGroup;
			children = (
				4869A3C91E9C830B00BB2FEC /* main.m */,
			);
			name = "Supporting Files";
			sourceTree = "<group>";
		};
		4869A3DF1E9C832900BB2FEC /* LYSNineDropMenu */ = {
			isa = PBXGroup;
			children = (
				4869A3E01E9C833700BB2FEC /* LYSNineDropMenu.h */,
				4869A3E11E9C833700BB2FEC /* LYSNineDropMenu.m */,
			);
			path = LYSNineDropMenu;
			sourceTree = "<group>";
		};
/* End PBXGroup section */

/* Begin PBXNativeTarget section */
		4869A3C41E9C830B00BB2FEC /* LYSNineDropMenu */ = {
			isa = PBXNativeTarget;
			buildConfigurationList = 4869A3DC1E9C830C00BB2FEC /* Build configuration list for PBXNativeTarget "LYSNineDropMenu" */;
			buildPhases = (
				4869A3C11E9C830B00BB2FEC /* Sources */,
				4869A3C21E9C830B00BB2FEC /* Frameworks */,
				4869A3C31E9C830B00BB2FEC /* Resources */,
			);
			buildRules = (
			);
			dependencies = (
			);
			name = LYSNineDropMenu;
			productName = LYSNineDropMenu;
			productReference = 4869A3C51E9C830B00BB2FEC /* LYSNineDropMenu.app */;
			productType = "com.apple.product-type.application";
		};
/* End PBXNativeTarget section */

/* Begin PBXProject section */
		4869A3BD1E9C830B00BB2FEC /* Project object */ = {
			isa = PBXProject;
			attributes = {
				LastUpgradeCheck = 0820;
				ORGANIZATIONNAME = Goldcard;
				TargetAttributes = {
					4869A3C41E9C830B00BB2FEC = {
						CreatedOnToolsVersion = 8.2.1;
						DevelopmentTeam = 4CX6972XTR;
						ProvisioningStyle = Automatic;
					};
				};
			};
			buildConfigurationList = 4869A3C01E9C830B00BB2FEC /* Build configuration list for PBXProject "LYSNineDropMenu" */;
			compatibilityVersion = "Xcode 3.2";
			developmentRegion = English;
			hasScannedForEncodings = 0;
			knownRegions = (
				en,
				Base,
			);
			mainGroup = 4869A3BC1E9C830B00BB2FEC;
			productRefGroup = 4869A3C61E9C830B00BB2FEC /* Products */;
			projectDirPath = "";
			projectRoot = "";
			targets = (
				4869A3C41E9C830B00BB2FEC /* LYSNineDropMenu */,
			);
		};
/* End PBXProject section */

/* Begin PBXResourcesBuildPhase section */
		4869A3C31E9C830B00BB2FEC /* Resources */ = {
			isa = PBXResourcesBuildPhase;
			buildActionMask = 2147483647;
			files = (
				4869A3D81E9C830B00BB2FEC /* LaunchScreen.storyboard in Resources */,
				4869A3D51E9C830B00BB2FEC /* Assets.xcassets in Resources */,
				4869A3D31E9C830B00BB2FEC /* Main.storyboard in Resources */,
			);
			runOnlyForDeploymentPostprocessing = 0;
		};
/* End PBXResourcesBuildPhase section */

/* Begin PBXSourcesBuildPhase section */
		4869A3C11E9C830B00BB2FEC /* Sources */ = {
			isa = PBXSourcesBuildPhase;
			buildActionMask = 2147483647;
			files = (
				4869A3E21E9C833700BB2FEC /* LYSNineDropMenu.m in Sources */,
				4869A3D01E9C830B00BB2FEC /* ViewController.m in Sources */,
				4869A3CD1E9C830B00BB2FEC /* AppDelegate.m in Sources */,
				4869A3CA1E9C830B00BB2FEC /* main.m in Sources */,
			);
			runOnlyForDeploymentPostprocessing = 0;
		};
/* End PBXSourcesBuildPhase section */

/* Begin PBXVariantGroup section */
		4869A3D11E9C830B00BB2FEC /* Main.storyboard */ = {
			isa = PBXVariantGroup;
			children = (
				4869A3D21E9C830B00BB2FEC /* Base */,
			);
			name = Main.storyboard;
			sourceTree = "<group>";
		};
		4869A3D61E9C830B00BB2FEC /* LaunchScreen.storyboard */ = {
			isa = PBXVariantGroup;
			children = (
				4869A3D71E9C830B00BB2FEC /* Base */,
			);
			name = LaunchScreen.storyboard;
			sourceTree = "<group>";
		};
/* End PBXVariantGroup section */

/* Begin XCBuildConfiguration section */
		4869A3DA1E9C830C00BB2FEC /* Debug */ = {
			isa = XCBuildConfiguration;
			buildSettings = {
				ALWAYS_SEARCH_USER_PATHS = NO;
				CLANG_ANALYZER_NONNULL = YES;
				CLANG_CXX_LANGUAGE_STANDARD = "gnu++0x";
				CLANG_CXX_LIBRARY = "libc++";
				CLANG_ENABLE_MODULES = YES;
				CLANG_ENABLE_OBJC_ARC = YES;
				CLANG_WARN_BOOL_CONVERSION = YES;
				CLANG_WARN_CONSTANT_CONVERSION = YES;
				CLANG_WARN_DIRECT_OBJC_ISA_USAGE = YES_ERROR;
				CLANG_WARN_DOCUMENTATION_COMMENTS = YES;
				CLANG_WARN_EMPTY_BODY = YES;
				CLANG_WARN_ENUM_CONVERSION = YES;
				CLANG_WARN_INFINITE_RECURSION = YES;
				CLANG_WARN_INT_CONVERSION = YES;
				CLANG_WARN_OBJC_ROOT_CLASS = YES_ERROR;
				CLANG_WARN_SUSPICIOUS_MOVE = YES;
				CLANG_WARN_UNREACHABLE_CODE = YES;
				CLANG_WARN__DUPLICATE_METHOD_MATCH = YES;
				"CODE_SIGN_IDENTITY[sdk=iphoneos*]" = "iPhone Developer";
				COPY_PHASE_STRIP = NO;
				DEBUG_INFORMATION_FORMAT = dwarf;
				ENABLE_STRICT_OBJC_MSGSEND = YES;
				ENABLE_TESTABILITY = YES;
				GCC_C_LANGUAGE_STANDARD = gnu99;
				GCC_DYNAMIC_NO_PIC = NO;
				GCC_NO_COMMON_BLOCKS = YES;
				GCC_OPTIMIZATION_LEVEL = 0;
				GCC_PREPROCESSOR_DEFINITIONS = (
					"DEBUG=1",
					"$(inherited)",
				);
				GCC_WARN_64_TO_32_BIT_CONVERSION = YES;
				GCC_WARN_ABOUT_RETURN_TYPE = YES_ERROR;
				GCC_WARN_UNDECLARED_SELECTOR = YES;
				GCC_WARN_UNINITIALIZED_AUTOS = YES_AGGRESSIVE;
				GCC_WARN_UNUSED_FUNCTION = YES;
				GCC_WARN_UNUSED_VARIABLE = YES;
				IPHONEOS_DEPLOYMENT_TARGET = 10.2;
				MTL_ENABLE_DEBUG_INFO = YES;
				ONLY_ACTIVE_ARCH = YES;
				SDKROOT = iphoneos;
				TARGETED_DEVICE_FAMILY = "1,2";
			};
			name = Debug;
		};
		4869A3DB1E9C830C00BB2FEC /* Release */ = {
			isa = XCBuildConfiguration;
			buildSettings = {
				ALWAYS_SEARCH_USER_PATHS = NO;
				CLANG_ANALYZER_NONNULL = YES;
				CLANG_CXX_LANGUAGE_STANDARD = "gnu++0x";
				CLANG_CXX_LIBRARY = "libc++";
				CLANG_ENABLE_MODULES = YES;
				CLANG_ENABLE_OBJC_ARC = YES;
				CLANG_WARN_BOOL_CONVERSION = YES;
				CLANG_WARN_CONSTANT_CONVERSION = YES;
				CLANG_WARN_DIRECT_OBJC_ISA_USAGE = YES_ERROR;
				CLANG_WARN_DOCUMENTATION_COMMENTS = YES;
				CLANG_WARN_EMPTY_BODY = YES;
				CLANG_WARN_ENUM_CONVERSION = YES;
				CLANG_WARN_INFINITE_RECURSION = YES;
				CLANG_WARN_INT_CONVERSION = YES;
				CLANG_WARN_OBJC_ROOT_CLASS = YES_ERROR;
				CLANG_WARN_SUSPICIOUS_MOVE = YES;
				CLANG_WARN_UNREACHABLE_CODE = YES;
				CLANG_WARN__DUPLICATE_METHOD_MATCH = YES;
				"CODE_SIGN_IDENTITY[sdk=iphoneos*]" = "iPhone Developer";
				COPY_PHASE_STRIP = NO;
				DEBUG_INFORMATION_FORMAT = "dwarf-with-dsym";
				ENABLE_NS_ASSERTIONS = NO;
				ENABLE_STRICT_OBJC_MSGSEND = YES;
				GCC_C_LANGUAGE_STANDARD = gnu99;
				GCC_NO_COMMON_BLOCKS = YES;
				GCC_WARN_64_TO_32_BIT_CONVERSION = YES;
				GCC_WARN_ABOUT_RETURN_TYPE = YES_ERROR;
				GCC_WARN_UNDECLARED_SELECTOR = YES;
				GCC_WARN_UNINITIALIZED_AUTOS = YES_AGGRESSIVE;
				GCC_WARN_UNUSED_FUNCTION = YES;
				GCC_WARN_UNUSED_VARIABLE = YES;
				IPHONEOS_DEPLOYMENT_TARGET = 10.2;
				MTL_ENABLE_DEBUG_INFO = NO;
				SDKROOT = iphoneos;
				TARGETED_DEVICE_FAMILY = "1,2";
				VALIDATE_PRODUCT = YES;
			};
			name = Release;
		};
		4869A3DD1E9C830C00BB2FEC /* Debug */ = {
			isa = XCBuildConfiguration;
			buildSettings = {
				ASSETCATALOG_COMPILER_APPICON_NAME = AppIcon;
				DEVELOPMENT_TEAM = 4CX6972XTR;
				INFOPLIST_FILE = LYSNineDropMenu/Info.plist;
				LD_RUNPATH_SEARCH_PATHS = "$(inherited) @executable_path/Frameworks";
				PRODUCT_BUNDLE_IDENTIFIER = com.lys.test.LYSNineDropMenu;
				PRODUCT_NAME = "$(TARGET_NAME)";
			};
			name = Debug;
		};
		4869A3DE1E9C830C00BB2FEC /* Release */ = {
			isa = XCBuildConfiguration;
			buildSettings = {
				ASSETCATALOG_COMPILER_APPICON_NAME = AppIcon;
				DEVELOPMENT_TEAM = 4CX6972XTR;
				INFOPLIST_FILE = LYSNineDropMenu/Info.plist;
				LD_RUNPATH_SEARCH_PATHS = "$(inherited) @executable_path/Frameworks";
				PRODUCT_BUNDLE_IDENTIFIER = com.lys.test.LYSNineDropMenu;
				PRODUCT_NAME = "$(TARGET_NAME)";
			};
			name = Release;
		};
/* End XCBuildConfiguration section */

/* Begin XCConfigurationList section */
		4869A3C01E9C830B00BB2FEC /* Build configuration list for PBXProject "LYSNineDropMenu" */ = {
			isa = XCConfigurationList;
			buildConfigurations = (
				4869A3DA1E9C830C00BB2FEC /* Debug */,
				4869A3DB1E9C830C00BB2FEC /* Release */,
			);
			defaultConfigurationIsVisible = 0;
			defaultConfigurationName = Release;
		};
		4869A3DC1E9C830C00BB2FEC /* Build configuration list for PBXNativeTarget "LYSNineDropMenu" */ = {
			isa = XCConfigurationList;
			buildConfigurations = (
				4869A3DD1E9C830C00BB2FEC /* Debug */,
				4869A3DE1E9C830C00BB2FEC /* Release */,
			);
			defaultConfigurationIsVisible = 0;
		};
/* End XCConfigurationList section */
	};
	rootObject = 4869A3BD1E9C830B00BB2FEC /* Project object */;
}
